
Microsoft Visual Studio Solution File, Format Version 11.00
# Visual Studio 2010
Project("{FAE04EC0-301F-11D3-BF4B-00C04F79EFBC}") = "RGeos.Core", "RGeos\RGeos.Core.csproj", "{02566164-FCE5-431C-85E9-F108368590F1}"
EndProject
Project("{FAE04EC0-301F-11D3-BF4B-00C04F79EFBC}") = "RGeos.GPCWapper", "GpcWrapper\TestProjectVS2010\RGeos.GPCWapper.csproj", "{BE646C57-295F-4309-8866-F265423F92F6}"
EndProject
Project("{FAE04EC0-301F-11D3-BF4B-00C04F79EFBC}") = "ProjNET", "ProjNet\SharpMap.CoordinateSystems\ProjNET.csproj", "{E028BDD2-55E1-4E5F-BE31-35FAEC8D6428}"
EndProject
Project("{FAE04EC0-301F-11D3-BF4B-00C04F79EFBC}") = "RGeos.Display", "RGeos.Display\RGeos.Display.csproj", "{260B91D1-19CC-4E95-A12A-3A98DD1F05A9}"
EndProject
Project("{FAE04EC0-301F-11D3-BF4B-00C04F79EFBC}") = "RGeos.Geometries", "RGeos.Geometries\RGeos.Geometries.csproj", "{AD360C0A-8569-4574-898D-C0DB3DE9F466}"
EndProject
Project("{FAE04EC0-301F-11D3-BF4B-00C04F79EFBC}") = "RGeos.Desktop", "RGeos.Desktop\RGeos.Desktop.csproj", "{3AA4C044-AAFC-4A35-9B39-846F5177EBC4}"
EndProject
Project("{FAE04EC0-301F-11D3-BF4B-00C04F79EFBC}") = "RGeos.Controls", "RGeos.Controls\RGeos.Controls.csproj", "{DDD1D370-594E-4487-A015-FB616A1A6C2C}"
EndProject
Global
	GlobalSection(SolutionConfigurationPlatforms) = preSolution
		Debug|Any CPU = Debug|Any CPU
		Debug|Mixed Platforms = Debug|Mixed Platforms
		Debug|x86 = Debug|x86
		Release|Any CPU = Release|Any CPU
		Release|Mixed Platforms = Release|Mixed Platforms
		Release|x86 = Release|x86
	EndGlobalSection
	GlobalSection(ProjectConfigurationPlatforms) = postSolution
		{02566164-FCE5-431C-85E9-F108368590F1}.Debug|Any CPU.ActiveCfg = Debug|x86
		{02566164-FCE5-431C-85E9-F108368590F1}.Debug|Mixed Platforms.ActiveCfg = Debug|x86
		{02566164-FCE5-431C-85E9-F108368590F1}.Debug|Mixed Platforms.Build.0 = Debug|x86
		{02566164-FCE5-431C-85E9-F108368590F1}.Debug|x86.ActiveCfg = Debug|x86
		{02566164-FCE5-431C-85E9-F108368590F1}.Debug|x86.Build.0 = Debug|x86
		{02566164-FCE5-431C-85E9-F108368590F1}.Release|Any CPU.ActiveCfg = Release|x86
		{02566164-FCE5-431C-85E9-F108368590F1}.Release|Mixed Platforms.ActiveCfg = Release|x86
		{02566164-FCE5-431C-85E9-F108368590F1}.Release|Mixed Platforms.Build.0 = Release|x86
		{02566164-FCE5-431C-85E9-F108368590F1}.Release|x86.ActiveCfg = Release|x86
		{02566164-FCE5-431C-85E9-F108368590F1}.Release|x86.Build.0 = Release|x86
		{BE646C57-295F-4309-8866-F265423F92F6}.Debug|Any CPU.ActiveCfg = Debug|x86
		{BE646C57-295F-4309-8866-F265423F92F6}.Debug|Mixed Platforms.ActiveCfg = Debug|x86
		{BE646C57-295F-4309-8866-F265423F92F6}.Debug|Mixed Platforms.Build.0 = Debug|x86
		{BE646C57-295F-4309-8866-F265423F92F6}.Debug|x86.ActiveCfg = Debug|x86
		{BE646C57-295F-4309-8866-F265423F92F6}.Debug|x86.Build.0 = Debug|x86
		{BE646C57-295F-4309-8866-F265423F92F6}.Release|Any CPU.ActiveCfg = Release|x86
		{BE646C57-295F-4309-8866-F265423F92F6}.Release|Mixed Platforms.ActiveCfg = Release|x86
		{BE646C57-295F-4309-8866-F265423F92F6}.Release|Mixed Platforms.Build.0 = Release|x86
		{BE646C57-295F-4309-8866-F265423F92F6}.Release|x86.ActiveCfg = Release|x86
		{BE646C57-295F-4309-8866-F265423F92F6}.Release|x86.Build.0 = Release|x86
		{E028BDD2-55E1-4E5F-BE31-35FAEC8D6428}.Debug|Any CPU.ActiveCfg = Debug|Any CPU
		{E028BDD2-55E1-4E5F-BE31-35FAEC8D6428}.Debug|Any CPU.Build.0 = Debug|Any CPU
		{E028BDD2-55E1-4E5F-BE31-35FAEC8D6428}.Debug|Mixed Platforms.ActiveCfg = Debug|Any CPU
		{E028BDD2-55E1-4E5F-BE31-35FAEC8D6428}.Debug|Mixed Platforms.Build.0 = Debug|Any CPU
		{E028BDD2-55E1-4E5F-BE31-35FAEC8D6428}.Debug|x86.ActiveCfg = Debug|Any CPU
		{E028BDD2-55E1-4E5F-BE31-35FAEC8D6428}.Release|Any CPU.ActiveCfg = Release|Any CPU
		{E028BDD2-55E1-4E5F-BE31-35FAEC8D6428}.Release|Any CPU.Build.0 = Release|Any CPU
		{E028BDD2-55E1-4E5F-BE31-35FAEC8D6428}.Release|Mixed Platforms.ActiveCfg = Release|Any CPU
		{E028BDD2-55E1-4E5F-BE31-35FAEC8D6428}.Release|Mixed Platforms.Build.0 = Release|Any CPU
		{E028BDD2-55E1-4E5F-BE31-35FAEC8D6428}.Release|x86.ActiveCfg = Release|Any CPU
		{260B91D1-19CC-4E95-A12A-3A98DD1F05A9}.Debug|Any CPU.ActiveCfg = Debug|Any CPU
		{260B91D1-19CC-4E95-A12A-3A98DD1F05A9}.Debug|Any CPU.Build.0 = Debug|Any CPU
		{260B91D1-19CC-4E95-A12A-3A98DD1F05A9}.Debug|Mixed Platforms.ActiveCfg = Debug|Any CPU
		{260B91D1-19CC-4E95-A12A-3A98DD1F05A9}.Debug|Mixed Platforms.Build.0 = Debug|Any CPU
		{260B91D1-19CC-4E95-A12A-3A98DD1F05A9}.Debug|x86.ActiveCfg = Debug|Any CPU
		{260B91D1-19CC-4E95-A12A-3A98DD1F05A9}.Release|Any CPU.ActiveCfg = Release|Any CPU
		{260B91D1-19CC-4E95-A12A-3A98DD1F05A9}.Release|Any CPU.Build.0 = Release|Any CPU
		{260B91D1-19CC-4E95-A12A-3A98DD1F05A9}.Release|Mixed Platforms.ActiveCfg = Release|Any CPU
		{260B91D1-19CC-4E95-A12A-3A98DD1F05A9}.Release|Mixed Platforms.Build.0 = Release|Any CPU
		{260B91D1-19CC-4E95-A12A-3A98DD1F05A9}.Release|x86.ActiveCfg = Release|Any CPU
		{AD360C0A-8569-4574-898D-C0DB3DE9F466}.Debug|Any CPU.ActiveCfg = Debug|Any CPU
		{AD360C0A-8569-4574-898D-C0DB3DE9F466}.Debug|Any CPU.Build.0 = Debug|Any CPU
		{AD360C0A-8569-4574-898D-C0DB3DE9F466}.Debug|Mixed Platforms.ActiveCfg = Debug|Any CPU
		{AD360C0A-8569-4574-898D-C0DB3DE9F466}.Debug|Mixed Platforms.Build.0 = Debug|Any CPU
		{AD360C0A-8569-4574-898D-C0DB3DE9F466}.Debug|x86.ActiveCfg = Debug|Any CPU
		{AD360C0A-8569-4574-898D-C0DB3DE9F466}.Release|Any CPU.ActiveCfg = Release|Any CPU
		{AD360C0A-8569-4574-898D-C0DB3DE9F466}.Release|Any CPU.Build.0 = Release|Any CPU
		{AD360C0A-8569-4574-898D-C0DB3DE9F466}.Release|Mixed Platforms.ActiveCfg = Release|Any CPU
		{AD360C0A-8569-4574-898D-C0DB3DE9F466}.Release|Mixed Platforms.Build.0 = Release|Any CPU
		{AD360C0A-8569-4574-898D-C0DB3DE9F466}.Release|x86.ActiveCfg = Release|Any CPU
		{3AA4C044-AAFC-4A35-9B39-846F5177EBC4}.Debug|Any CPU.ActiveCfg = Debug|x86
		{3AA4C044-AAFC-4A35-9B39-846F5177EBC4}.Debug|Mixed Platforms.ActiveCfg = Debug|x86
		{3AA4C044-AAFC-4A35-9B39-846F5177EBC4}.Debug|Mixed Platforms.Build.0 = Debug|x86
		{3AA4C044-AAFC-4A35-9B39-846F5177EBC4}.Debug|x86.ActiveCfg = Debug|x86
		{3AA4C044-AAFC-4A35-9B39-846F5177EBC4}.Debug|x86.Build.0 = Debug|x86
		{3AA4C044-AAFC-4A35-9B39-846F5177EBC4}.Release|Any CPU.ActiveCfg = Release|x86
		{3AA4C044-AAFC-4A35-9B39-846F5177EBC4}.Release|Mixed Platforms.ActiveCfg = Release|x86
		{3AA4C044-AAFC-4A35-9B39-846F5177EBC4}.Release|Mixed Platforms.Build.0 = Release|x86
		{3AA4C044-AAFC-4A35-9B39-846F5177EBC4}.Release|x86.ActiveCfg = Release|x86
		{3AA4C044-AAFC-4A35-9B39-846F5177EBC4}.Release|x86.Build.0 = Release|x86
		{DDD1D370-594E-4487-A015-FB616A1A6C2C}.Debug|Any CPU.ActiveCfg = Debug|Any CPU
		{DDD1D370-594E-4487-A015-FB616A1A6C2C}.Debug|Any CPU.Build.0 = Debug|Any CPU
		{DDD1D370-594E-4487-A015-FB616A1A6C2C}.Debug|Mixed Platforms.ActiveCfg = Debug|Any CPU
		{DDD1D370-594E-4487-A015-FB616A1A6C2C}.Debug|Mixed Platforms.Build.0 = Debug|Any CPU
		{DDD1D370-594E-4487-A015-FB616A1A6C2C}.Debug|x86.ActiveCfg = Debug|Any CPU
		{DDD1D370-594E-4487-A015-FB616A1A6C2C}.Release|Any CPU.ActiveCfg = Release|Any CPU
		{DDD1D370-594E-4487-A015-FB616A1A6C2C}.Release|Any CPU.Build.0 = Release|Any CPU
		{DDD1D370-594E-4487-A015-FB616A1A6C2C}.Release|Mixed Platforms.ActiveCfg = Release|Any CPU
		{DDD1D370-594E-4487-A015-FB616A1A6C2C}.Release|Mixed Platforms.Build.0 = Release|Any CPU
		{DDD1D370-594E-4487-A015-FB616A1A6C2C}.Release|x86.ActiveCfg = Release|Any CPU
	EndGlobalSection
	GlobalSection(SolutionProperties) = preSolution
		HideSolutionNode = FALSE
	EndGlobalSection
EndGlobal
